{
  "version": 4,
  "terraform_version": "1.9.8",
  "serial": 12,
  "lineage": "e92ea8d0-10f3-4aab-c977-981fa35108f5",
  "outputs": {
    "dev-subnet-id": {
      "value": "subnet-0d1d6aec1fd1ea45b",
      "type": "string"
    },
    "dev-vpc-id": {
      "value": "vpc-0f88965a42e084595",
      "type": "string"
    }
  },
  "resources": [
    {
      "mode": "managed",
      "type": "aws_subnet",
      "name": "VPC-A-Prod",
      "provider": "provider[\"registry.terraform.io/hashicorp/aws\"]",
      "instances": [
        {
          "schema_version": 1,
          "attributes": {
            "arn": "arn:aws:ec2:eu-west-1:537124963258:subnet/subnet-0d1d6aec1fd1ea45b",
            "assign_ipv6_address_on_creation": false,
            "availability_zone": "eu-west-1a",
            "availability_zone_id": "euw1-az2",
            "cidr_block": "10.80.1.0/24",
            "customer_owned_ipv4_pool": "",
            "enable_dns64": false,
            "enable_lni_at_device_index": 0,
            "enable_resource_name_dns_a_record_on_launch": false,
            "enable_resource_name_dns_aaaa_record_on_launch": false,
            "id": "subnet-0d1d6aec1fd1ea45b",
            "ipv6_cidr_block": "",
            "ipv6_cidr_block_association_id": "",
            "ipv6_native": false,
            "map_customer_owned_ip_on_launch": false,
            "map_public_ip_on_launch": false,
            "outpost_arn": "",
            "owner_id": "537124963258",
            "private_dns_hostname_type_on_launch": "ip-name",
            "tags": {
              "Name": "VPC-A-Prod",
              "Owner": "Nick",
              "Service": "Production"
            },
            "tags_all": {
              "Name": "VPC-A-Prod",
              "Owner": "Nick",
              "Service": "Production"
            },
            "timeouts": null,
            "vpc_id": "vpc-0f88965a42e084595"
          },
          "sensitive_attributes": [],
          "private": "eyJlMmJmYjczMC1lY2FhLTExZTYtOGY4OC0zNDM2M2JjN2M0YzAiOnsiY3JlYXRlIjo2MDAwMDAwMDAwMDAsImRlbGV0ZSI6MTIwMDAwMDAwMDAwMH0sInNjaGVtYV92ZXJzaW9uIjoiMSJ9",
          "dependencies": [
            "aws_vpc.Ireland-Prod-VPC"
          ]
        }
      ]
    },
    {
      "mode": "managed",
      "type": "aws_vpc",
      "name": "Ireland-Prod-VPC",
      "provider": "provider[\"registry.terraform.io/hashicorp/aws\"]",
      "instances": [
        {
          "schema_version": 1,
          "attributes": {
            "arn": "arn:aws:ec2:eu-west-1:537124963258:vpc/vpc-0f88965a42e084595",
            "assign_generated_ipv6_cidr_block": false,
            "cidr_block": "10.80.0.0/16",
            "default_network_acl_id": "acl-0ad442b718eef4360",
            "default_route_table_id": "rtb-0a6d0634a857f8ae9",
            "default_security_group_id": "sg-05eac7e57917b7e70",
            "dhcp_options_id": "dopt-0927ee3971c0d3426",
            "enable_dns_hostnames": false,
            "enable_dns_support": true,
            "enable_network_address_usage_metrics": false,
            "id": "vpc-0f88965a42e084595",
            "instance_tenancy": "default",
            "ipv4_ipam_pool_id": null,
            "ipv4_netmask_length": null,
            "ipv6_association_id": "",
            "ipv6_cidr_block": "",
            "ipv6_cidr_block_network_border_group": "",
            "ipv6_ipam_pool_id": "",
            "ipv6_netmask_length": 0,
            "main_route_table_id": "rtb-0a6d0634a857f8ae9",
            "owner_id": "537124963258",
            "tags": {
              "Name": "Ireland-Prod-VPC",
              "Owner": "Nick",
              "Service": "Production"
            },
            "tags_all": {
              "Name": "Ireland-Prod-VPC",
              "Owner": "Nick",
              "Service": "Production"
            }
          },
          "sensitive_attributes": [],
          "private": "eyJzY2hlbWFfdmVyc2lvbiI6IjEifQ=="
        }
      ]
    }
  ],
  "check_results": null
}
